
Microsoft Visual Studio Solution File, Format Version 11.00
# Visual Studio 2010
Project("{FAE04EC0-301F-11D3-BF4B-00C04F79EFBC}") = "PhotoGallery.Web", "PhotoGallery.Web\PhotoGallery.Web.csproj", "{3758EB03-B4A2-43FA-957C-B5C23894A515}"
EndProject
Project("{FAE04EC0-301F-11D3-BF4B-00C04F79EFBC}") = "PhotoGallery.Services", "PhotoGallery.Services\PhotoGallery.Services.csproj", "{E19B4F01-9FEA-4775-A662-DCF0FD19A617}"
EndProject
Project("{FAE04EC0-301F-11D3-BF4B-00C04F79EFBC}") = "PhotoGallery.Infrastructure", "PhotoGallery.Infrastructure\PhotoGallery.Infrastructure.csproj", "{3B75DE81-F8E2-4BE9-ABF2-C3D83BFE2874}"
EndProject
Project("{FAE04EC0-301F-11D3-BF4B-00C04F79EFBC}") = "PhotoGallery.Domain", "PhotoGallery.Domain\PhotoGallery.Domain.csproj", "{1FD9B941-8CD9-4E72-8365-4D1BBFFEFDDE}"
EndProject
Project("{FAE04EC0-301F-11D3-BF4B-00C04F79EFBC}") = "PhotoGallery.Database", "PhotoGallery.Database\PhotoGallery.Database.csproj", "{7AC01DEB-7FD8-43D7-9101-A07219572890}"
EndProject
Global
	GlobalSection(SolutionConfigurationPlatforms) = preSolution
		Debug|Any CPU = Debug|Any CPU
		DebugLive|Any CPU = DebugLive|Any CPU
		Release|Any CPU = Release|Any CPU
	EndGlobalSection
	GlobalSection(ProjectConfigurationPlatforms) = postSolution
		{3758EB03-B4A2-43FA-957C-B5C23894A515}.Debug|Any CPU.ActiveCfg = Debug|Any CPU
		{3758EB03-B4A2-43FA-957C-B5C23894A515}.Debug|Any CPU.Build.0 = Debug|Any CPU
		{3758EB03-B4A2-43FA-957C-B5C23894A515}.DebugLive|Any CPU.ActiveCfg = DebugLive|Any CPU
		{3758EB03-B4A2-43FA-957C-B5C23894A515}.DebugLive|Any CPU.Build.0 = DebugLive|Any CPU
		{3758EB03-B4A2-43FA-957C-B5C23894A515}.Release|Any CPU.ActiveCfg = Release|Any CPU
		{3758EB03-B4A2-43FA-957C-B5C23894A515}.Release|Any CPU.Build.0 = Release|Any CPU
		{E19B4F01-9FEA-4775-A662-DCF0FD19A617}.Debug|Any CPU.ActiveCfg = Debug|Any CPU
		{E19B4F01-9FEA-4775-A662-DCF0FD19A617}.Debug|Any CPU.Build.0 = Debug|Any CPU
		{E19B4F01-9FEA-4775-A662-DCF0FD19A617}.DebugLive|Any CPU.ActiveCfg = DebugLive|Any CPU
		{E19B4F01-9FEA-4775-A662-DCF0FD19A617}.DebugLive|Any CPU.Build.0 = DebugLive|Any CPU
		{E19B4F01-9FEA-4775-A662-DCF0FD19A617}.Release|Any CPU.ActiveCfg = Release|Any CPU
		{E19B4F01-9FEA-4775-A662-DCF0FD19A617}.Release|Any CPU.Build.0 = Release|Any CPU
		{3B75DE81-F8E2-4BE9-ABF2-C3D83BFE2874}.Debug|Any CPU.ActiveCfg = Debug|Any CPU
		{3B75DE81-F8E2-4BE9-ABF2-C3D83BFE2874}.Debug|Any CPU.Build.0 = Debug|Any CPU
		{3B75DE81-F8E2-4BE9-ABF2-C3D83BFE2874}.DebugLive|Any CPU.ActiveCfg = Debug|Any CPU
		{3B75DE81-F8E2-4BE9-ABF2-C3D83BFE2874}.DebugLive|Any CPU.Build.0 = Debug|Any CPU
		{3B75DE81-F8E2-4BE9-ABF2-C3D83BFE2874}.Release|Any CPU.ActiveCfg = Release|Any CPU
		{3B75DE81-F8E2-4BE9-ABF2-C3D83BFE2874}.Release|Any CPU.Build.0 = Release|Any CPU
		{1FD9B941-8CD9-4E72-8365-4D1BBFFEFDDE}.Debug|Any CPU.ActiveCfg = Debug|Any CPU
		{1FD9B941-8CD9-4E72-8365-4D1BBFFEFDDE}.Debug|Any CPU.Build.0 = Debug|Any CPU
		{1FD9B941-8CD9-4E72-8365-4D1BBFFEFDDE}.DebugLive|Any CPU.ActiveCfg = Debug|Any CPU
		{1FD9B941-8CD9-4E72-8365-4D1BBFFEFDDE}.DebugLive|Any CPU.Build.0 = Debug|Any CPU
		{1FD9B941-8CD9-4E72-8365-4D1BBFFEFDDE}.Release|Any CPU.ActiveCfg = Release|Any CPU
		{1FD9B941-8CD9-4E72-8365-4D1BBFFEFDDE}.Release|Any CPU.Build.0 = Release|Any CPU
		{7AC01DEB-7FD8-43D7-9101-A07219572890}.Debug|Any CPU.ActiveCfg = Debug|Any CPU
		{7AC01DEB-7FD8-43D7-9101-A07219572890}.Debug|Any CPU.Build.0 = Debug|Any CPU
		{7AC01DEB-7FD8-43D7-9101-A07219572890}.DebugLive|Any CPU.ActiveCfg = Debug|Any CPU
		{7AC01DEB-7FD8-43D7-9101-A07219572890}.DebugLive|Any CPU.Build.0 = Debug|Any CPU
		{7AC01DEB-7FD8-43D7-9101-A07219572890}.Release|Any CPU.ActiveCfg = Release|Any CPU
		{7AC01DEB-7FD8-43D7-9101-A07219572890}.Release|Any CPU.Build.0 = Release|Any CPU
	EndGlobalSection
	GlobalSection(SolutionProperties) = preSolution
		HideSolutionNode = FALSE
	EndGlobalSection
EndGlobal
